// !$*UTF8*$!
{
	archiveVersion = 1;
	classes = {
	};
	objectVersion = 46;
	objects = {

/* Begin PBXBuildFile section */
		998EEA4B1A9DF93800BD1954 /* main.m in Sources */ = {isa = PBXBuildFile; fileRef = 998EEA4A1A9DF93800BD1954 /* main.m */; };
		998EEA4E1A9DF93800BD1954 /* AppDelegate.m in Sources */ = {isa = PBXBuildFile; fileRef = 998EEA4D1A9DF93800BD1954 /* AppDelegate.m */; };
		998EEA511A9DF93800BD1954 /* Weather.xcdatamodeld in Sources */ = {isa = PBXBuildFile; fileRef = 998EEA4F1A9DF93800BD1954 /* Weather.xcdatamodeld */; };
		998EEA541A9DF93800BD1954 /* ViewController.m in Sources */ = {isa = PBXBuildFile; fileRef = 998EEA531A9DF93800BD1954 /* ViewController.m */; };
		998EEA571A9DF93800BD1954 /* Main.storyboard in Resources */ = {isa = PBXBuildFile; fileRef = 998EEA551A9DF93800BD1954 /* Main.storyboard */; };
		998EEA591A9DF93800BD1954 /* Images.xcassets in Resources */ = {isa = PBXBuildFile; fileRef = 998EEA581A9DF93800BD1954 /* Images.xcassets */; };
		998EEA5C1A9DF93800BD1954 /* LaunchScreen.xib in Resources */ = {isa = PBXBuildFile; fileRef = 998EEA5A1A9DF93800BD1954 /* LaunchScreen.xib */; };
		998EEA681A9DF93800BD1954 /* WeatherTests.m in Sources */ = {isa = PBXBuildFile; fileRef = 998EEA671A9DF93800BD1954 /* WeatherTests.m */; };
/* End PBXBuildFile section */

/* Begin PBXContainerItemProxy section */
		998EEA621A9DF93800BD1954 /* PBXContainerItemProxy */ = {
			isa = PBXContainerItemProxy;
			containerPortal = 998EEA3D1A9DF93800BD1954 /* Project object */;
			proxyType = 1;
			remoteGlobalIDString = 998EEA441A9DF93800BD1954;
			remoteInfo = Weather;
		};
/* End PBXContainerItemProxy section */

/* Begin PBXFileReference section */
		998EEA451A9DF93800BD1954 /* Weather.app */ = {isa = PBXFileReference; explicitFileType = wrapper.application; includeInIndex = 0; path = Weather.app; sourceTree = BUILT_PRODUCTS_DIR; };
		998EEA491A9DF93800BD1954 /* Info.plist */ = {isa = PBXFileReference; lastKnownFileType = text.plist.xml; path = Info.plist; sourceTree = "<group>"; };
		998EEA4A1A9DF93800BD1954 /* main.m */ = {isa = PBXFileReference; lastKnownFileType = sourcecode.c.objc; path = main.m; sourceTree = "<group>"; };
		998EEA4C1A9DF93800BD1954 /* AppDelegate.h */ = {isa = PBXFileReference; lastKnownFileType = sourcecode.c.h; path = AppDelegate.h; sourceTree = "<group>"; };
		998EEA4D1A9DF93800BD1954 /* AppDelegate.m */ = {isa = PBXFileReference; lastKnownFileType = sourcecode.c.objc; path = AppDelegate.m; sourceTree = "<group>"; };
		998EEA501A9DF93800BD1954 /* Weather.xcdatamodel */ = {isa = PBXFileReference; lastKnownFileType = wrapper.xcdatamodel; path = Weather.xcdatamodel; sourceTree = "<group>"; };
		998EEA521A9DF93800BD1954 /* ViewController.h */ = {isa = PBXFileReference; lastKnownFileType = sourcecode.c.h; path = ViewController.h; sourceTree = "<group>"; };
		998EEA531A9DF93800BD1954 /* ViewController.m */ = {isa = PBXFileReference; lastKnownFileType = sourcecode.c.objc; path = ViewController.m; sourceTree = "<group>"; };
		998EEA561A9DF93800BD1954 /* Base */ = {isa = PBXFileReference; lastKnownFileType = file.storyboard; name = Base; path = Base.lproj/Main.storyboard; sourceTree = "<group>"; };
		998EEA581A9DF93800BD1954 /* Images.xcassets */ = {isa = PBXFileReference; lastKnownFileType = folder.assetcatalog; path = Images.xcassets; sourceTree = "<group>"; };
		998EEA5B1A9DF93800BD1954 /* Base */ = {isa = PBXFileReference; lastKnownFileType = file.xib; name = Base; path = Base.lproj/LaunchScreen.xib; sourceTree = "<group>"; };
		998EEA611A9DF93800BD1954 /* WeatherTests.xctest */ = {isa = PBXFileReference; explicitFileType = wrapper.cfbundle; includeInIndex = 0; path = WeatherTests.xctest; sourceTree = BUILT_PRODUCTS_DIR; };
		998EEA661A9DF93800BD1954 /* Info.plist */ = {isa = PBXFileReference; lastKnownFileType = text.plist.xml; path = Info.plist; sourceTree = "<group>"; };
		998EEA671A9DF93800BD1954 /* WeatherTests.m */ = {isa = PBXFileReference; lastKnownFileType = sourcecode.c.objc; path = WeatherTests.m; sourceTree = "<group>"; };
/* End PBXFileReference section */

/* Begin PBXFrameworksBuildPhase section */
		998EEA421A9DF93800BD1954 /* Frameworks */ = {
			isa = PBXFrameworksBuildPhase;
			buildActionMask = 2147483647;
			files = (
			);
			runOnlyForDeploymentPostprocessing = 0;
		};
		998EEA5E1A9DF93800BD1954 /* Frameworks */ = {
			isa = PBXFrameworksBuildPhase;
			buildActionMask = 2147483647;
			files = (
			);
			runOnlyForDeploymentPostprocessing = 0;
		};
/* End PBXFrameworksBuildPhase section */

/* Begin PBXGroup section */
		998EEA3C1A9DF93800BD1954 = {
			isa = PBXGroup;
			children = (
				998EEA471A9DF93800BD1954 /* Weather */,
				998EEA641A9DF93800BD1954 /* WeatherTests */,
				998EEA461A9DF93800BD1954 /* Products */,
			);
			sourceTree = "<group>";
		};
		998EEA461A9DF93800BD1954 /* Products */ = {
			isa = PBXGroup;
			children = (
				998EEA451A9DF93800BD1954 /* Weather.app */,
				998EEA611A9DF93800BD1954 /* WeatherTests.xctest */,
			);
			name = Products;
			sourceTree = "<group>";
		};
		998EEA471A9DF93800BD1954 /* Weather */ = {
			isa = PBXGroup;
			children = (
				998EEA4C1A9DF93800BD1954 /* AppDelegate.h */,
				998EEA4D1A9DF93800BD1954 /* AppDelegate.m */,
				998EEA521A9DF93800BD1954 /* ViewController.h */,
				998EEA531A9DF93800BD1954 /* ViewController.m */,
				998EEA551A9DF93800BD1954 /* Main.storyboard */,
				998EEA581A9DF93800BD1954 /* Images.xcassets */,
				998EEA5A1A9DF93800BD1954 /* LaunchScreen.xib */,
				998EEA4F1A9DF93800BD1954 /* Weather.xcdatamodeld */,
				998EEA481A9DF93800BD1954 /* Supporting Files */,
			);
			path = Weather;
			sourceTree = "<group>";
		};
		998EEA481A9DF93800BD1954 /* Supporting Files */ = {
			isa = PBXGroup;
			children = (
				998EEA491A9DF93800BD1954 /* Info.plist */,
				998EEA4A1A9DF93800BD1954 /* main.m */,
			);
			name = "Supporting Files";
			sourceTree = "<group>";
		};
		998EEA641A9DF93800BD1954 /* WeatherTests */ = {
			isa = PBXGroup;
			children = (
				998EEA671A9DF93800BD1954 /* WeatherTests.m */,
				998EEA651A9DF93800BD1954 /* Supporting Files */,
			);
			path = WeatherTests;
			sourceTree = "<group>";
		};
		998EEA651A9DF93800BD1954 /* Supporting Files */ = {
			isa = PBXGroup;
			children = (
				998EEA661A9DF93800BD1954 /* Info.plist */,
			);
			name = "Supporting Files";
			sourceTree = "<group>";
		};
/* End PBXGroup section */

/* Begin PBXNativeTarget section */
		998EEA441A9DF93800BD1954 /* Weather */ = {
			isa = PBXNativeTarget;
			buildConfigurationList = 998EEA6B1A9DF93800BD1954 /* Build configuration list for PBXNativeTarget "Weather" */;
			buildPhases = (
				998EEA411A9DF93800BD1954 /* Sources */,
				998EEA421A9DF93800BD1954 /* Frameworks */,
				998EEA431A9DF93800BD1954 /* Resources */,
			);
			buildRules = (
			);
			dependencies = (
			);
			name = Weather;
			productName = Weather;
			productReference = 998EEA451A9DF93800BD1954 /* Weather.app */;
			productType = "com.apple.product-type.application";
		};
		998EEA601A9DF93800BD1954 /* WeatherTests */ = {
			isa = PBXNativeTarget;
			buildConfigurationList = 998EEA6E1A9DF93800BD1954 /* Build configuration list for PBXNativeTarget "WeatherTests" */;
			buildPhases = (
				998EEA5D1A9DF93800BD1954 /* Sources */,
				998EEA5E1A9DF93800BD1954 /* Frameworks */,
				998EEA5F1A9DF93800BD1954 /* Resources */,
			);
			buildRules = (
			);
			dependencies = (
				998EEA631A9DF93800BD1954 /* PBXTargetDependency */,
			);
			name = WeatherTests;
			productName = WeatherTests;
			productReference = 998EEA611A9DF93800BD1954 /* WeatherTests.xctest */;
			productType = "com.apple.product-type.bundle.unit-test";
		};
/* End PBXNativeTarget section */

/* Begin PBXProject section */
		998EEA3D1A9DF93800BD1954 /* Project object */ = {
			isa = PBXProject;
			attributes = {
				LastUpgradeCheck = 0610;
				ORGANIZATIONNAME = Mark;
				TargetAttributes = {
					998EEA441A9DF93800BD1954 = {
						CreatedOnToolsVersion = 6.1.1;
					};
					998EEA601A9DF93800BD1954 = {
						CreatedOnToolsVersion = 6.1.1;
						TestTargetID = 998EEA441A9DF93800BD1954;
					};
				};
			};
			buildConfigurationList = 998EEA401A9DF93800BD1954 /* Build configuration list for PBXProject "Weather" */;
			compatibilityVersion = "Xcode 3.2";
			developmentRegion = English;
			hasScannedForEncodings = 0;
			knownRegions = (
				en,
				Base,
			);
			mainGroup = 998EEA3C1A9DF93800BD1954;
			productRefGroup = 998EEA461A9DF93800BD1954 /* Products */;
			projectDirPath = "";
			projectRoot = "";
			targets = (
				998EEA441A9DF93800BD1954 /* Weather */,
				998EEA601A9DF93800BD1954 /* WeatherTests */,
			);
		};
/* End PBXProject section */

/* Begin PBXResourcesBuildPhase section */
		998EEA431A9DF93800BD1954 /* Resources */ = {
			isa = PBXResourcesBuildPhase;
			buildActionMask = 2147483647;
			files = (
				998EEA571A9DF93800BD1954 /* Main.storyboard in Resources */,
				998EEA5C1A9DF93800BD1954 /* LaunchScreen.xib in Resources */,
				998EEA591A9DF93800BD1954 /* Images.xcassets in Resources */,
			);
			runOnlyForDeploymentPostprocessing = 0;
		};
		998EEA5F1A9DF93800BD1954 /* Resources */ = {
			isa = PBXResourcesBuildPhase;
			buildActionMask = 2147483647;
			files = (
			);
			runOnlyForDeploymentPostprocessing = 0;
		};
/* End PBXResourcesBuildPhase section */

/* Begin PBXSourcesBuildPhase section */
		998EEA411A9DF93800BD1954 /* Sources */ = {
			isa = PBXSourcesBuildPhase;
			buildActionMask = 2147483647;
			files = (
				998EEA511A9DF93800BD1954 /* Weather.xcdatamodeld in Sources */,
				998EEA4E1A9DF93800BD1954 /* AppDelegate.m in Sources */,
				998EEA541A9DF93800BD1954 /* ViewController.m in Sources */,
				998EEA4B1A9DF93800BD1954 /* main.m in Sources */,
			);
			runOnlyForDeploymentPostprocessing = 0;
		};
		998EEA5D1A9DF93800BD1954 /* Sources */ = {
			isa = PBXSourcesBuildPhase;
			buildActionMask = 2147483647;
			files = (
				998EEA681A9DF93800BD1954 /* WeatherTests.m in Sources */,
			);
			runOnlyForDeploymentPostprocessing = 0;
		};
/* End PBXSourcesBuildPhase section */

/* Begin PBXTargetDependency section */
		998EEA631A9DF93800BD1954 /* PBXTargetDependency */ = {
			isa = PBXTargetDependency;
			target = 998EEA441A9DF93800BD1954 /* Weather */;
			targetProxy = 998EEA621A9DF93800BD1954 /* PBXContainerItemProxy */;
		};
/* End PBXTargetDependency section */

/* Begin PBXVariantGroup section */
		998EEA551A9DF93800BD1954 /* Main.storyboard */ = {
			isa = PBXVariantGroup;
			children = (
				998EEA561A9DF93800BD1954 /* Base */,
			);
			name = Main.storyboard;
			sourceTree = "<group>";
		};
		998EEA5A1A9DF93800BD1954 /* LaunchScreen.xib */ = {
			isa = PBXVariantGroup;
			children = (
				998EEA5B1A9DF93800BD1954 /* Base */,
			);
			name = LaunchScreen.xib;
			sourceTree = "<group>";
		};
/* End PBXVariantGroup section */

/* Begin XCBuildConfiguration section */
		998EEA691A9DF93800BD1954 /* Debug */ = {
			isa = XCBuildConfiguration;
			buildSettings = {
				ALWAYS_SEARCH_USER_PATHS = NO;
				CLANG_CXX_LANGUAGE_STANDARD = "gnu++0x";
				CLANG_CXX_LIBRARY = "libc++";
				CLANG_ENABLE_MODULES = YES;
				CLANG_ENABLE_OBJC_ARC = YES;
				CLANG_WARN_BOOL_CONVERSION = YES;
				CLANG_WARN_CONSTANT_CONVERSION = YES;
				CLANG_WARN_DIRECT_OBJC_ISA_USAGE = YES_ERROR;
				CLANG_WARN_EMPTY_BODY = YES;
				CLANG_WARN_ENUM_CONVERSION = YES;
				CLANG_WARN_INT_CONVERSION = YES;
				CLANG_WARN_OBJC_ROOT_CLASS = YES_ERROR;
				CLANG_WARN_UNREACHABLE_CODE = YES;
				CLANG_WARN__DUPLICATE_METHOD_MATCH = YES;
				"CODE_SIGN_IDENTITY[sdk=iphoneos*]" = "iPhone Developer";
				COPY_PHASE_STRIP = NO;
				ENABLE_STRICT_OBJC_MSGSEND = YES;
				GCC_C_LANGUAGE_STANDARD = gnu99;
				GCC_DYNAMIC_NO_PIC = NO;
				GCC_OPTIMIZATION_LEVEL = 0;
				GCC_PREPROCESSOR_DEFINITIONS = (
					"DEBUG=1",
					"$(inherited)",
				);
				GCC_SYMBOLS_PRIVATE_EXTERN = NO;
				GCC_WARN_64_TO_32_BIT_CONVERSION = YES;
				GCC_WARN_ABOUT_RETURN_TYPE = YES_ERROR;
				GCC_WARN_UNDECLARED_SELECTOR = YES;
				GCC_WARN_UNINITIALIZED_AUTOS = YES_AGGRESSIVE;
				GCC_WARN_UNUSED_FUNCTION = YES;
				GCC_WARN_UNUSED_VARIABLE = YES;
				IPHONEOS_DEPLOYMENT_TARGET = 8.1;
				MTL_ENABLE_DEBUG_INFO = YES;
				ONLY_ACTIVE_ARCH = YES;
				SDKROOT = iphoneos;
				TARGETED_DEVICE_FAMILY = "1,2";
			};
			name = Debug;
		};
		998EEA6A1A9DF93800BD1954 /* Release */ = {
			isa = XCBuildConfiguration;
			buildSettings = {
				ALWAYS_SEARCH_USER_PATHS = NO;
				CLANG_CXX_LANGUAGE_STANDARD = "gnu++0x";
				CLANG_CXX_LIBRARY = "libc++";
				CLANG_ENABLE_MODULES = YES;
				CLANG_ENABLE_OBJC_ARC = YES;
				CLANG_WARN_BOOL_CONVERSION = YES;
				CLANG_WARN_CONSTANT_CONVERSION = YES;
				CLANG_WARN_DIRECT_OBJC_ISA_USAGE = YES_ERROR;
				CLANG_WARN_EMPTY_BODY = YES;
				CLANG_WARN_ENUM_CONVERSION = YES;
				CLANG_WARN_INT_CONVERSION = YES;
				CLANG_WARN_OBJC_ROOT_CLASS = YES_ERROR;
				CLANG_WARN_UNREACHABLE_CODE = YES;
				CLANG_WARN__DUPLICATE_METHOD_MATCH = YES;
				"CODE_SIGN_IDENTITY[sdk=iphoneos*]" = "iPhone Developer";
				COPY_PHASE_STRIP = YES;
				ENABLE_NS_ASSERTIONS = NO;
				ENABLE_STRICT_OBJC_MSGSEND = YES;
				GCC_C_LANGUAGE_STANDARD = gnu99;
				GCC_WARN_64_TO_32_BIT_CONVERSION = YES;
				GCC_WARN_ABOUT_RETURN_TYPE = YES_ERROR;
				GCC_WARN_UNDECLARED_SELECTOR = YES;
				GCC_WARN_UNINITIALIZED_AUTOS = YES_AGGRESSIVE;
				GCC_WARN_UNUSED_FUNCTION = YES;
				GCC_WARN_UNUSED_VARIABLE = YES;
				IPHONEOS_DEPLOYMENT_TARGET = 8.1;
				MTL_ENABLE_DEBUG_INFO = NO;
				SDKROOT = iphoneos;
				TARGETED_DEVICE_FAMILY = "1,2";
				VALIDATE_PRODUCT = YES;
			};
			name = Release;
		};
		998EEA6C1A9DF93800BD1954 /* Debug */ = {
			isa = XCBuildConfiguration;
			buildSettings = {
				ASSETCATALOG_COMPILER_APPICON_NAME = AppIcon;
				INFOPLIST_FILE = Weather/Info.plist;
				LD_RUNPATH_SEARCH_PATHS = "$(inherited) @executable_path/Frameworks";
				PRODUCT_NAME = "$(TARGET_NAME)";
			};
			name = Debug;
		};
		998EEA6D1A9DF93800BD1954 /* Release */ = {
			isa = XCBuildConfiguration;
			buildSettings = {
				ASSETCATALOG_COMPILER_APPICON_NAME = AppIcon;
				INFOPLIST_FILE = Weather/Info.plist;
				LD_RUNPATH_SEARCH_PATHS = "$(inherited) @executable_path/Frameworks";
				PRODUCT_NAME = "$(TARGET_NAME)";
			};
			name = Release;
		};
		998EEA6F1A9DF93800BD1954 /* Debug */ = {
			isa = XCBuildConfiguration;
			buildSettings = {
				BUNDLE_LOADER = "$(TEST_HOST)";
				FRAMEWORK_SEARCH_PATHS = (
					"$(SDKROOT)/Developer/Library/Frameworks",
					"$(inherited)",
				);
				GCC_PREPROCESSOR_DEFINITIONS = (
					"DEBUG=1",
					"$(inherited)",
				);
				INFOPLIST_FILE = WeatherTests/Info.plist;
				LD_RUNPATH_SEARCH_PATHS = "$(inherited) @executable_path/Frameworks @loader_path/Frameworks";
				PRODUCT_NAME = "$(TARGET_NAME)";
				TEST_HOST = "$(BUILT_PRODUCTS_DIR)/Weather.app/Weather";
			};
			name = Debug;
		};
		998EEA701A9DF93800BD1954 /* Release */ = {
			isa = XCBuildConfiguration;
			buildSettings = {
				BUNDLE_LOADER = "$(TEST_HOST)";
				FRAMEWORK_SEARCH_PATHS = (
					"$(SDKROOT)/Developer/Library/Frameworks",
					"$(inherited)",
				);
				INFOPLIST_FILE = WeatherTests/Info.plist;
				LD_RUNPATH_SEARCH_PATHS = "$(inherited) @executable_path/Frameworks @loader_path/Frameworks";
				PRODUCT_NAME = "$(TARGET_NAME)";
				TEST_HOST = "$(BUILT_PRODUCTS_DIR)/Weather.app/Weather";
			};
			name = Release;
		};
/* End XCBuildConfiguration section */

/* Begin XCConfigurationList section */
		998EEA401A9DF93800BD1954 /* Build configuration list for PBXProject "Weather" */ = {
			isa = XCConfigurationList;
			buildConfigurations = (
				998EEA691A9DF93800BD1954 /* Debug */,
				998EEA6A1A9DF93800BD1954 /* Release */,
			);
			defaultConfigurationIsVisible = 0;
			defaultConfigurationName = Release;
		};
		998EEA6B1A9DF93800BD1954 /* Build configuration list for PBXNativeTarget "Weather" */ = {
			isa = XCConfigurationList;
			buildConfigurations = (
				998EEA6C1A9DF93800BD1954 /* Debug */,
				998EEA6D1A9DF93800BD1954 /* Release */,
			);
			defaultConfigurationIsVisible = 0;
		};
		998EEA6E1A9DF93800BD1954 /* Build configuration list for PBXNativeTarget "WeatherTests" */ = {
			isa = XCConfigurationList;
			buildConfigurations = (
				998EEA6F1A9DF93800BD1954 /* Debug */,
				998EEA701A9DF93800BD1954 /* Release */,
			);
			defaultConfigurationIsVisible = 0;
		};
/* End XCConfigurationList section */

/* Begin XCVersionGroup section */
		998EEA4F1A9DF93800BD1954 /* Weather.xcdatamodeld */ = {
			isa = XCVersionGroup;
			children = (
				998EEA501A9DF93800BD1954 /* Weather.xcdatamodel */,
			);
			currentVersion = 998EEA501A9DF93800BD1954 /* Weather.xcdatamodel */;
			path = Weather.xcdatamodeld;
			sourceTree = "<group>";
			versionGroupType = wrapper.xcdatamodel;
		};
/* End XCVersionGroup section */
	};
	rootObject = 998EEA3D1A9DF93800BD1954 /* Project object */;
}
